github.com/aws/aws-sdk-go-v2 v1.41.4 h1:10f50G7WyU02T56ox1wWXq+zTX9I1zxG46HYuG1hH/k=
github.com/aws/aws-sdk-go-v2 v1.41.4/go.mod h1:mwsPRE8ceUUpiTgF7QmQIJ7lgsKUPQOUl3o72QBrE1o=
github.com/aws/smithy-go v1.24.2 h1:FzA3bu/nt/vDvmnkg+R8Xl46gmzEDam6mZ1hzmwXFng=
github.com/aws/smithy-go v1.24.2/go.mod h1:YE2RhdIuDbA5E5bTdciG9KrW3+TiEONeUWCqxX9i1Fc=
